{
  "name": "dps-keygen",
  "version": "1.0.0-beta.1",
  "lockfileVersion": 1,
  "requires": true,
  "dependencies": {
    "@types/chalk": {
      "version": "2.2.0",
      "resolved": "https://registry.npmjs.org/@types/chalk/-/chalk-2.2.0.tgz",
      "integrity": "sha512-1zzPV9FDe1I/WHhRkf9SNgqtRJWZqrBWgu7JGveuHmmyR9CnAPCie2N/x+iHrgnpYBIcCJWHBoMRv2TRWktsvw==",
      "dev": true,
      "requires": {
        "chalk": "*"
      }
    },
    "@types/node": {
      "version": "12.12.6",
      "resolved": "https://registry.npmjs.org/@types/node/-/node-12.12.6.tgz",
      "integrity": "sha512-FjsYUPzEJdGXjwKqSpE0/9QEh6kzhTAeObA54rn6j3rR4C/mzpI9L0KNfoeASSPMMdxIsoJuCLDWcM/rVjIsSA==",
      "dev": true
    },
    "@types/yargs": {
      "version": "13.0.3",
      "resolved": "https://registry.npmjs.org/@types/yargs/-/yargs-13.0.3.tgz",
      "integrity": "sha512-K8/LfZq2duW33XW/tFwEAfnZlqIfVsoyRB3kfXdPXYhl0nfM8mmh7GS0jg7WrX2Dgq/0Ha/pR1PaR+BvmWwjiQ==",
      "dev": true,
      "requires": {
        "@types/yargs-parser": "*"
      }
    },
    "@types/yargs-parser": {
      "version": "13.1.0",
      "resolved": "https://registry.npmjs.org/@types/yargs-parser/-/yargs-parser-13.1.0.tgz",
      "integrity": "sha512-gCubfBUZ6KxzoibJ+SCUc/57Ms1jz5NjHe4+dI2krNmU5zCPAphyLJYyTOg06ueIyfj+SaCUqmzun7ImlxDcKg==",
      "dev": true
    },
    "ansi-regex": {
      "version": "4.1.0",
      "resolved": "https://registry.npmjs.org/ansi-regex/-/ansi-regex-4.1.0.tgz",
      "integrity": "sha512-1apePfXM1UOSqw0o9IiFAovVz9M5S1Dg+4TrDwfMewQ6p/rmMueb7tWZjQ1rx4Loy1ArBggoqGpfqqdI4rondg=="
    },
    "ansi-styles": {
      "version": "3.2.1",
      "resolved": "https://registry.npmjs.org/ansi-styles/-/ansi-styles-3.2.1.tgz",
      "integrity": "sha512-VT0ZI6kZRdTh8YyJw3SMbYm/u+NqfsAxEpWO0Pf9sq8/e94WxxOpPKx9FR1FlyCtOVDNOQ+8ntlqFxiRc+r5qA==",
      "requires": {
        "color-convert": "^1.9.0"
      }
    },
    "async": {
      "version": "2.6.1",
      "resolved": "https://msazure.pkgs.visualstudio.com/_packaging/AzureIOTSaas/npm/registry/async/-/async-2.6.1.tgz",
      "integrity": "sha1-skWiPKcZMAROxT+kaqAKPofGphA=",
      "requires": {
        "lodash": "^4.17.10"
      }
    },
    "async-limiter": {
      "version": "1.0.1",
      "resolved": "https://msazure.pkgs.visualstudio.com/_packaging/AzureIOTSaas/npm/registry/async-limiter/-/async-limiter-1.0.1.tgz",
      "integrity": "sha1-3TeelPDbgxCwgpH51kwyCXZmF/0="
    },
    "azure-iot-common": {
      "version": "1.12.0-preview.1",
      "resolved": "https://msazure.pkgs.visualstudio.com/_packaging/AzureIOTSaas/npm/registry/azure-iot-common/-/azure-iot-common-1.12.0-preview.1.tgz",
      "integrity": "sha1-HoinQP3XnZ+ahlRO2g90Odr6CZA=",
      "requires": {
        "debug": "^4.1.1",
        "getos": "^3.1.0"
      }
    },
    "azure-iot-mqtt-base": {
      "version": "1.12.0-preview.1",
      "resolved": "https://msazure.pkgs.visualstudio.com/_packaging/AzureIOTSaas/npm/registry/azure-iot-mqtt-base/-/azure-iot-mqtt-base-1.12.0-preview.1.tgz",
      "integrity": "sha1-/gzeyN6ugwOBCVGLYSqChcmFe3c=",
      "requires": {
        "azure-iot-common": "1.12.0-preview.1",
        "debug": "^4.1.1",
        "machina": "^4.0.2",
        "mqtt": "^2.18.8"
      }
    },
    "azure-iot-provisioning-device": {
      "version": "1.8.0-preview.1",
      "resolved": "https://msazure.pkgs.visualstudio.com/_packaging/AzureIOTSaas/npm/registry/azure-iot-provisioning-device/-/azure-iot-provisioning-device-1.8.0-preview.1.tgz",
      "integrity": "sha1-6ich7xNL4QUHibSAusXIeGuxjOM=",
      "requires": {
        "azure-iot-common": "1.12.0-preview.1",
        "debug": "^4.1.1",
        "machina": "^4.0.2"
      }
    },
    "azure-iot-provisioning-device-mqtt": {
      "version": "1.8.0-preview.1",
      "resolved": "https://msazure.pkgs.visualstudio.com/_packaging/AzureIOTSaas/npm/registry/azure-iot-provisioning-device-mqtt/-/azure-iot-provisioning-device-mqtt-1.8.0-preview.1.tgz",
      "integrity": "sha1-QaalmCNHqJpTWO5RmlNfpZWAPhU=",
      "requires": {
        "azure-iot-common": "1.12.0-preview.1",
        "azure-iot-mqtt-base": "1.12.0-preview.1",
        "azure-iot-provisioning-device": "1.8.0-preview.1",
        "debug": "^4.1.1",
        "machina": "^4.0.2",
        "uuid": "^3.3.2"
      }
    },
    "azure-iot-security-symmetric-key": {
      "version": "1.8.0-preview.1",
      "resolved": "https://msazure.pkgs.visualstudio.com/_packaging/AzureIOTSaas/npm/registry/azure-iot-security-symmetric-key/-/azure-iot-security-symmetric-key-1.8.0-preview.1.tgz",
      "integrity": "sha1-B8jJoHg2fPlOXvEEFpE8JofHXsU=",
      "requires": {
        "azure-iot-common": "1.12.0-preview.1",
        "debug": "^4.1.1"
      }
    },
    "balanced-match": {
      "version": "1.0.0",
      "resolved": "https://msazure.pkgs.visualstudio.com/_packaging/AzureIOTSaas/npm/registry/balanced-match/-/balanced-match-1.0.0.tgz",
      "integrity": "sha1-ibTRmasr7kneFk6gK4nORi1xt2c="
    },
    "bl": {
      "version": "1.2.2",
      "resolved": "https://msazure.pkgs.visualstudio.com/_packaging/AzureIOTSaas/npm/registry/bl/-/bl-1.2.2.tgz",
      "integrity": "sha1-oWCRFxcQPAdBDO9j71Gzl8Alr5w=",
      "requires": {
        "readable-stream": "^2.3.5",
        "safe-buffer": "^5.1.1"
      }
    },
    "brace-expansion": {
      "version": "1.1.11",
      "resolved": "https://msazure.pkgs.visualstudio.com/_packaging/AzureIOTSaas/npm/registry/brace-expansion/-/brace-expansion-1.1.11.tgz",
      "integrity": "sha1-PH/L9SnYcibz0vUrlm/1Jx60Qd0=",
      "requires": {
        "balanced-match": "^1.0.0",
        "concat-map": "0.0.1"
      }
    },
    "buffer-from": {
      "version": "1.1.1",
      "resolved": "https://msazure.pkgs.visualstudio.com/_packaging/AzureIOTSaas/npm/registry/buffer-from/-/buffer-from-1.1.1.tgz",
      "integrity": "sha1-MnE7wCj3XAL9txDXx7zsHyxgcO8="
    },
    "callback-stream": {
      "version": "1.1.0",
      "resolved": "https://msazure.pkgs.visualstudio.com/_packaging/AzureIOTSaas/npm/registry/callback-stream/-/callback-stream-1.1.0.tgz",
      "integrity": "sha1-RwGlEmbwbgbqpx/BcjOCLYdfSQg=",
      "requires": {
        "inherits": "^2.0.1",
        "readable-stream": "> 1.0.0 < 3.0.0"
      }
    },
    "camelcase": {
      "version": "5.3.1",
      "resolved": "https://registry.npmjs.org/camelcase/-/camelcase-5.3.1.tgz",
      "integrity": "sha512-L28STB170nwWS63UjtlEOE3dldQApaJXZkOI1uMFfzf3rRuPegHaHesyee+YxQ+W6SvRDQV6UrdOdRiR153wJg=="
    },
    "chalk": {
      "version": "2.4.2",
      "resolved": "https://registry.npmjs.org/chalk/-/chalk-2.4.2.tgz",
      "integrity": "sha512-Mti+f9lpJNcwF4tWV8/OrTTtF1gZi+f8FqlyAdouralcFWFQWF2+NgCHShjkCb+IFBLq9buZwE1xckQU4peSuQ==",
      "requires": {
        "ansi-styles": "^3.2.1",
        "escape-string-regexp": "^1.0.5",
        "supports-color": "^5.3.0"
      }
    },
    "cliui": {
      "version": "5.0.0",
      "resolved": "https://registry.npmjs.org/cliui/-/cliui-5.0.0.tgz",
      "integrity": "sha512-PYeGSEmmHM6zvoef2w8TPzlrnNpXIjTipYK780YswmIP9vjxmd6Y2a3CB2Ks6/AU8NHjZugXvo8w3oWM2qnwXA==",
      "requires": {
        "string-width": "^3.1.0",
        "strip-ansi": "^5.2.0",
        "wrap-ansi": "^5.1.0"
      }
    },
    "color-convert": {
      "version": "1.9.3",
      "resolved": "https://registry.npmjs.org/color-convert/-/color-convert-1.9.3.tgz",
      "integrity": "sha512-QfAUtd+vFdAtFQcC8CCyYt1fYWxSqAiK2cSD6zDB8N3cpsEBAvRxp9zOGg6G/SHHJYAT88/az/IuDGALsNVbGg==",
      "requires": {
        "color-name": "1.1.3"
      }
    },
    "color-name": {
      "version": "1.1.3",
      "resolved": "https://registry.npmjs.org/color-name/-/color-name-1.1.3.tgz",
      "integrity": "sha1-p9BVi9icQveV3UIyj3QIMcpTvCU="
    },
    "commist": {
      "version": "1.1.0",
      "resolved": "https://msazure.pkgs.visualstudio.com/_packaging/AzureIOTSaas/npm/registry/commist/-/commist-1.1.0.tgz",
      "integrity": "sha1-F4EexpePbBXuTegMRcm+t3zuNdU=",
      "requires": {
        "leven": "^2.1.0",
        "minimist": "^1.1.0"
      }
    },
    "concat-map": {
      "version": "0.0.1",
      "resolved": "https://msazure.pkgs.visualstudio.com/_packaging/AzureIOTSaas/npm/registry/concat-map/-/concat-map-0.0.1.tgz",
      "integrity": "sha1-2Klr13/Wjfd5OnMDajug1UBdR3s="
    },
    "concat-stream": {
      "version": "1.6.2",
      "resolved": "https://msazure.pkgs.visualstudio.com/_packaging/AzureIOTSaas/npm/registry/concat-stream/-/concat-stream-1.6.2.tgz",
      "integrity": "sha1-kEvfGUzTEi/Gdcd/xKw9T/D9GjQ=",
      "requires": {
        "buffer-from": "^1.0.0",
        "inherits": "^2.0.3",
        "readable-stream": "^2.2.2",
        "typedarray": "^0.0.6"
      }
    },
    "core-util-is": {
      "version": "1.0.2",
      "resolved": "https://msazure.pkgs.visualstudio.com/_packaging/AzureIOTSaas/npm/registry/core-util-is/-/core-util-is-1.0.2.tgz",
      "integrity": "sha1-tf1UIgqivFq1eqtxQMlAdUUDwac="
    },
    "d": {
      "version": "1.0.1",
      "resolved": "https://msazure.pkgs.visualstudio.com/_packaging/AzureIOTSaas/npm/registry/d/-/d-1.0.1.tgz",
      "integrity": "sha1-hpgJU3LVjb7jRv/Qxwk/mfj561o=",
      "requires": {
        "es5-ext": "^0.10.50",
        "type": "^1.0.1"
      }
    },
    "debug": {
      "version": "4.1.1",
      "resolved": "https://msazure.pkgs.visualstudio.com/_packaging/AzureIOTSaas/npm/registry/debug/-/debug-4.1.1.tgz",
      "integrity": "sha1-O3ImAlUQnGtYnO4FDx1RYTlmR5E=",
      "requires": {
        "ms": "^2.1.1"
      }
    },
    "decamelize": {
      "version": "1.2.0",
      "resolved": "https://registry.npmjs.org/decamelize/-/decamelize-1.2.0.tgz",
      "integrity": "sha1-9lNNFRSCabIDUue+4m9QH5oZEpA="
    },
    "duplexify": {
      "version": "3.7.1",
      "resolved": "https://msazure.pkgs.visualstudio.com/_packaging/AzureIOTSaas/npm/registry/duplexify/-/duplexify-3.7.1.tgz",
      "integrity": "sha1-Kk31MX9sz9kfhtb9JdjYoQO4gwk=",
      "requires": {
        "end-of-stream": "^1.0.0",
        "inherits": "^2.0.1",
        "readable-stream": "^2.0.0",
        "stream-shift": "^1.0.0"
      }
    },
    "emoji-regex": {
      "version": "7.0.3",
      "resolved": "https://registry.npmjs.org/emoji-regex/-/emoji-regex-7.0.3.tgz",
      "integrity": "sha512-CwBLREIQ7LvYFB0WyRvwhq5N5qPhc6PMjD6bYggFlI5YyDgl+0vxq5VHbMOFqLg7hfWzmu8T5Z1QofhmTIhItA=="
    },
    "end-of-stream": {
      "version": "1.4.4",
      "resolved": "https://msazure.pkgs.visualstudio.com/_packaging/AzureIOTSaas/npm/registry/end-of-stream/-/end-of-stream-1.4.4.tgz",
      "integrity": "sha1-WuZKX0UFe682JuwU2gyl5LJDHrA=",
      "requires": {
        "once": "^1.4.0"
      }
    },
    "es5-ext": {
      "version": "0.10.52",
      "resolved": "https://msazure.pkgs.visualstudio.com/_packaging/AzureIOTSaas/npm/registry/es5-ext/-/es5-ext-0.10.52.tgz",
      "integrity": "sha1-uyF3fpGaBCY3Nt7RIKnWZfEOpj8=",
      "requires": {
        "es6-iterator": "~2.0.3",
        "es6-symbol": "~3.1.2",
        "next-tick": "~1.0.0"
      }
    },
    "es6-iterator": {
      "version": "2.0.3",
      "resolved": "https://msazure.pkgs.visualstudio.com/_packaging/AzureIOTSaas/npm/registry/es6-iterator/-/es6-iterator-2.0.3.tgz",
      "integrity": "sha1-p96IkUGgWpSwhUQDstCg+/qY87c=",
      "requires": {
        "d": "1",
        "es5-ext": "^0.10.35",
        "es6-symbol": "^3.1.1"
      }
    },
    "es6-map": {
      "version": "0.1.5",
      "resolved": "https://msazure.pkgs.visualstudio.com/_packaging/AzureIOTSaas/npm/registry/es6-map/-/es6-map-0.1.5.tgz",
      "integrity": "sha1-kTbgUD3MBqMBaQ8LsU/042TpSfA=",
      "requires": {
        "d": "1",
        "es5-ext": "~0.10.14",
        "es6-iterator": "~2.0.1",
        "es6-set": "~0.1.5",
        "es6-symbol": "~3.1.1",
        "event-emitter": "~0.3.5"
      }
    },
    "es6-set": {
      "version": "0.1.5",
      "resolved": "https://msazure.pkgs.visualstudio.com/_packaging/AzureIOTSaas/npm/registry/es6-set/-/es6-set-0.1.5.tgz",
      "integrity": "sha1-0rPsXU2ADO2BjbU40ol02wpzzLE=",
      "requires": {
        "d": "1",
        "es5-ext": "~0.10.14",
        "es6-iterator": "~2.0.1",
        "es6-symbol": "3.1.1",
        "event-emitter": "~0.3.5"
      },
      "dependencies": {
        "es6-symbol": {
          "version": "3.1.1",
          "resolved": "https://msazure.pkgs.visualstudio.com/_packaging/AzureIOTSaas/npm/registry/es6-symbol/-/es6-symbol-3.1.1.tgz",
          "integrity": "sha1-vwDvT9q2uhtG7Le2KbTH7VcVzHc=",
          "requires": {
            "d": "1",
            "es5-ext": "~0.10.14"
          }
        }
      }
    },
    "es6-symbol": {
      "version": "3.1.3",
      "resolved": "https://msazure.pkgs.visualstudio.com/_packaging/AzureIOTSaas/npm/registry/es6-symbol/-/es6-symbol-3.1.3.tgz",
      "integrity": "sha1-utXTwbzawoJp9MszHkMceKxwXRg=",
      "requires": {
        "d": "^1.0.1",
        "ext": "^1.1.2"
      }
    },
    "escape-string-regexp": {
      "version": "1.0.5",
      "resolved": "https://registry.npmjs.org/escape-string-regexp/-/escape-string-regexp-1.0.5.tgz",
      "integrity": "sha1-G2HAViGQqN/2rjuyzwIAyhMLhtQ="
    },
    "event-emitter": {
      "version": "0.3.5",
      "resolved": "https://msazure.pkgs.visualstudio.com/_packaging/AzureIOTSaas/npm/registry/event-emitter/-/event-emitter-0.3.5.tgz",
      "integrity": "sha1-34xp7vFkeSPHFXuc6DhAYQsCzDk=",
      "requires": {
        "d": "1",
        "es5-ext": "~0.10.14"
      }
    },
    "ext": {
      "version": "1.2.0",
      "resolved": "https://msazure.pkgs.visualstudio.com/_packaging/AzureIOTSaas/npm/registry/ext/-/ext-1.2.0.tgz",
      "integrity": "sha1-jdjS3SG8ztMEW+CWIfoMv3OQi6Q=",
      "requires": {
        "type": "^2.0.0"
      },
      "dependencies": {
        "type": {
          "version": "2.0.0",
          "resolved": "https://msazure.pkgs.visualstudio.com/_packaging/AzureIOTSaas/npm/registry/type/-/type-2.0.0.tgz",
          "integrity": "sha1-Xxb/bvLrRPJgSU2uJxAzspwJqcM="
        }
      }
    },
    "extend": {
      "version": "3.0.2",
      "resolved": "https://msazure.pkgs.visualstudio.com/_packaging/AzureIOTSaas/npm/registry/extend/-/extend-3.0.2.tgz",
      "integrity": "sha1-+LETa0Bx+9jrFAr/hYsQGewpFfo="
    },
    "find-up": {
      "version": "3.0.0",
      "resolved": "https://registry.npmjs.org/find-up/-/find-up-3.0.0.tgz",
      "integrity": "sha512-1yD6RmLI1XBfxugvORwlck6f75tYL+iR0jqwsOrOxMZyGYqUuDhJ0l4AXdO1iX/FTs9cBAMEk1gWSEx1kSbylg==",
      "requires": {
        "locate-path": "^3.0.0"
      }
    },
    "fs.realpath": {
      "version": "1.0.0",
      "resolved": "https://msazure.pkgs.visualstudio.com/_packaging/AzureIOTSaas/npm/registry/fs.realpath/-/fs.realpath-1.0.0.tgz",
      "integrity": "sha1-FQStJSMVjKpA20onh8sBQRmU6k8="
    },
    "get-caller-file": {
      "version": "2.0.5",
      "resolved": "https://registry.npmjs.org/get-caller-file/-/get-caller-file-2.0.5.tgz",
      "integrity": "sha512-DyFP3BM/3YHTQOCUL/w0OZHR0lpKeGrxotcHWcqNEdnltqFwXVfhEBQ94eIo34AfQpo0rGki4cyIiftY06h2Fg=="
    },
    "getos": {
      "version": "3.1.1",
      "resolved": "https://msazure.pkgs.visualstudio.com/_packaging/AzureIOTSaas/npm/registry/getos/-/getos-3.1.1.tgz",
      "integrity": "sha1-lnqBPM6v7gFWsEg/fP+ls+/wKcU=",
      "requires": {
        "async": "2.6.1"
      }
    },
    "glob": {
      "version": "7.1.6",
      "resolved": "https://msazure.pkgs.visualstudio.com/_packaging/AzureIOTSaas/npm/registry/glob/-/glob-7.1.6.tgz",
      "integrity": "sha1-FB8zuBp8JJLhJVlDB0gMRmeSeKY=",
      "requires": {
        "fs.realpath": "^1.0.0",
        "inflight": "^1.0.4",
        "inherits": "2",
        "minimatch": "^3.0.4",
        "once": "^1.3.0",
        "path-is-absolute": "^1.0.0"
      }
    },
    "glob-parent": {
      "version": "3.1.0",
      "resolved": "https://msazure.pkgs.visualstudio.com/_packaging/AzureIOTSaas/npm/registry/glob-parent/-/glob-parent-3.1.0.tgz",
      "integrity": "sha1-nmr2KZ2NO9K9QEMIMr0RPfkGxa4=",
      "requires": {
        "is-glob": "^3.1.0",
        "path-dirname": "^1.0.0"
      }
    },
    "glob-stream": {
      "version": "6.1.0",
      "resolved": "https://msazure.pkgs.visualstudio.com/_packaging/AzureIOTSaas/npm/registry/glob-stream/-/glob-stream-6.1.0.tgz",
      "integrity": "sha1-cEXJlBOz65SIjYOrRtC0BMx73eQ=",
      "requires": {
        "extend": "^3.0.0",
        "glob": "^7.1.1",
        "glob-parent": "^3.1.0",
        "is-negated-glob": "^1.0.0",
        "ordered-read-streams": "^1.0.0",
        "pumpify": "^1.3.5",
        "readable-stream": "^2.1.5",
        "remove-trailing-separator": "^1.0.1",
        "to-absolute-glob": "^2.0.0",
        "unique-stream": "^2.0.2"
      }
    },
    "has-flag": {
      "version": "3.0.0",
      "resolved": "https://registry.npmjs.org/has-flag/-/has-flag-3.0.0.tgz",
      "integrity": "sha1-tdRU3CGZriJWmfNGfloH87lVuv0="
    },
    "help-me": {
      "version": "1.1.0",
      "resolved": "https://msazure.pkgs.visualstudio.com/_packaging/AzureIOTSaas/npm/registry/help-me/-/help-me-1.1.0.tgz",
      "integrity": "sha1-jy1QjQYAtKRW2i8IZVbn5cBWo8Y=",
      "requires": {
        "callback-stream": "^1.0.2",
        "glob-stream": "^6.1.0",
        "through2": "^2.0.1",
        "xtend": "^4.0.0"
      }
    },
    "inflight": {
      "version": "1.0.6",
      "resolved": "https://msazure.pkgs.visualstudio.com/_packaging/AzureIOTSaas/npm/registry/inflight/-/inflight-1.0.6.tgz",
      "integrity": "sha1-Sb1jMdfQLQwJvJEKEHW6gWW1bfk=",
      "requires": {
        "once": "^1.3.0",
        "wrappy": "1"
      }
    },
    "inherits": {
      "version": "2.0.4",
      "resolved": "https://msazure.pkgs.visualstudio.com/_packaging/AzureIOTSaas/npm/registry/inherits/-/inherits-2.0.4.tgz",
      "integrity": "sha1-D6LGT5MpF8NDOg3tVTY6rjdBa3w="
    },
    "is-absolute": {
      "version": "1.0.0",
      "resolved": "https://msazure.pkgs.visualstudio.com/_packaging/AzureIOTSaas/npm/registry/is-absolute/-/is-absolute-1.0.0.tgz",
      "integrity": "sha1-OV4a6EsR8mrReV5zwXN45IowFXY=",
      "requires": {
        "is-relative": "^1.0.0",
        "is-windows": "^1.0.1"
      }
    },
    "is-extglob": {
      "version": "2.1.1",
      "resolved": "https://msazure.pkgs.visualstudio.com/_packaging/AzureIOTSaas/npm/registry/is-extglob/-/is-extglob-2.1.1.tgz",
      "integrity": "sha1-qIwCU1eR8C7TfHahueqXc8gz+MI="
    },
    "is-fullwidth-code-point": {
      "version": "2.0.0",
      "resolved": "https://registry.npmjs.org/is-fullwidth-code-point/-/is-fullwidth-code-point-2.0.0.tgz",
      "integrity": "sha1-o7MKXE8ZkYMWeqq5O+764937ZU8="
    },
    "is-glob": {
      "version": "3.1.0",
      "resolved": "https://msazure.pkgs.visualstudio.com/_packaging/AzureIOTSaas/npm/registry/is-glob/-/is-glob-3.1.0.tgz",
      "integrity": "sha1-e6WuJCF4BKxwcHuWkiVnSGzD6Eo=",
      "requires": {
        "is-extglob": "^2.1.0"
      }
    },
    "is-negated-glob": {
      "version": "1.0.0",
      "resolved": "https://msazure.pkgs.visualstudio.com/_packaging/AzureIOTSaas/npm/registry/is-negated-glob/-/is-negated-glob-1.0.0.tgz",
      "integrity": "sha1-aRC8pdqMleeEtXUbl2z1oQ/uNtI="
    },
    "is-relative": {
      "version": "1.0.0",
      "resolved": "https://msazure.pkgs.visualstudio.com/_packaging/AzureIOTSaas/npm/registry/is-relative/-/is-relative-1.0.0.tgz",
      "integrity": "sha1-obtpNc6MXboei5dUubLcwCDiJg0=",
      "requires": {
        "is-unc-path": "^1.0.0"
      }
    },
    "is-unc-path": {
      "version": "1.0.0",
      "resolved": "https://msazure.pkgs.visualstudio.com/_packaging/AzureIOTSaas/npm/registry/is-unc-path/-/is-unc-path-1.0.0.tgz",
      "integrity": "sha1-1zHoiY7QkKEsNSrS6u1Qla0yLJ0=",
      "requires": {
        "unc-path-regex": "^0.1.2"
      }
    },
    "is-windows": {
      "version": "1.0.2",
      "resolved": "https://msazure.pkgs.visualstudio.com/_packaging/AzureIOTSaas/npm/registry/is-windows/-/is-windows-1.0.2.tgz",
      "integrity": "sha1-0YUOuXkezRjmGCzhKjDzlmNLsZ0="
    },
    "isarray": {
      "version": "1.0.0",
      "resolved": "https://msazure.pkgs.visualstudio.com/_packaging/AzureIOTSaas/npm/registry/isarray/-/isarray-1.0.0.tgz",
      "integrity": "sha1-u5NdSFgsuhaMBoNJV6VKPgcSTxE="
    },
    "json-stable-stringify-without-jsonify": {
      "version": "1.0.1",
      "resolved": "https://msazure.pkgs.visualstudio.com/_packaging/AzureIOTSaas/npm/registry/json-stable-stringify-without-jsonify/-/json-stable-stringify-without-jsonify-1.0.1.tgz",
      "integrity": "sha1-nbe1lJatPzz+8wp1FC0tkwrXJlE="
    },
    "leven": {
      "version": "2.1.0",
      "resolved": "https://msazure.pkgs.visualstudio.com/_packaging/AzureIOTSaas/npm/registry/leven/-/leven-2.1.0.tgz",
      "integrity": "sha1-wuep93IJTe6dNCAq6KzORoeHVYA="
    },
    "locate-path": {
      "version": "3.0.0",
      "resolved": "https://registry.npmjs.org/locate-path/-/locate-path-3.0.0.tgz",
      "integrity": "sha512-7AO748wWnIhNqAuaty2ZWHkQHRSNfPVIsPIfwEOWO22AmaoVrWavlOcMR5nzTLNYvp36X220/maaRsrec1G65A==",
      "requires": {
        "p-locate": "^3.0.0",
        "path-exists": "^3.0.0"
      }
    },
    "lodash": {
      "version": "4.17.15",
      "resolved": "https://msazure.pkgs.visualstudio.com/_packaging/AzureIOTSaas/npm/registry/lodash/-/lodash-4.17.15.tgz",
      "integrity": "sha1-tEf2ZwoEVbv+7dETku/zMOoJdUg="
    },
    "machina": {
      "version": "4.0.2",
      "resolved": "https://msazure.pkgs.visualstudio.com/_packaging/AzureIOTSaas/npm/registry/machina/-/machina-4.0.2.tgz",
      "integrity": "sha1-e6E+oxf6/FxkzedTN/rRaOGsOTc=",
      "requires": {
        "lodash": "^4.17.5"
      }
    },
    "minimatch": {
      "version": "3.0.4",
      "resolved": "https://msazure.pkgs.visualstudio.com/_packaging/AzureIOTSaas/npm/registry/minimatch/-/minimatch-3.0.4.tgz",
      "integrity": "sha1-UWbihkV/AzBgZL5Ul+jbsMPTIIM=",
      "requires": {
        "brace-expansion": "^1.1.7"
      }
    },
    "minimist": {
      "version": "1.2.0",
      "resolved": "https://msazure.pkgs.visualstudio.com/_packaging/AzureIOTSaas/npm/registry/minimist/-/minimist-1.2.0.tgz",
      "integrity": "sha1-o1AIsg9BOD7sH7kU9M1d95omQoQ="
    },
    "mqtt": {
      "version": "2.18.8",
      "resolved": "https://msazure.pkgs.visualstudio.com/_packaging/AzureIOTSaas/npm/registry/mqtt/-/mqtt-2.18.8.tgz",
      "integrity": "sha1-nSE8yrkhUazPsh7owIYNxoZqslk=",
      "requires": {
        "commist": "^1.0.0",
        "concat-stream": "^1.6.2",
        "end-of-stream": "^1.4.1",
        "es6-map": "^0.1.5",
        "help-me": "^1.0.1",
        "inherits": "^2.0.3",
        "minimist": "^1.2.0",
        "mqtt-packet": "^5.6.0",
        "pump": "^3.0.0",
        "readable-stream": "^2.3.6",
        "reinterval": "^1.1.0",
        "split2": "^2.1.1",
        "websocket-stream": "^5.1.2",
        "xtend": "^4.0.1"
      }
    },
    "mqtt-packet": {
      "version": "5.6.1",
      "resolved": "https://msazure.pkgs.visualstudio.com/_packaging/AzureIOTSaas/npm/registry/mqtt-packet/-/mqtt-packet-5.6.1.tgz",
      "integrity": "sha1-jsr84JH1r0YGZCaKIrIgkciRX3s=",
      "requires": {
        "bl": "^1.2.1",
        "inherits": "^2.0.3",
        "process-nextick-args": "^2.0.0",
        "safe-buffer": "^5.1.0"
      }
    },
    "ms": {
      "version": "2.1.2",
      "resolved": "https://msazure.pkgs.visualstudio.com/_packaging/AzureIOTSaas/npm/registry/ms/-/ms-2.1.2.tgz",
      "integrity": "sha1-0J0fNXtEP0kzgqjrPM0YOHKuYAk="
    },
    "next-tick": {
      "version": "1.0.0",
      "resolved": "https://msazure.pkgs.visualstudio.com/_packaging/AzureIOTSaas/npm/registry/next-tick/-/next-tick-1.0.0.tgz",
      "integrity": "sha1-yobR/ogoFpsBICCOPchCS524NCw="
    },
    "once": {
      "version": "1.4.0",
      "resolved": "https://msazure.pkgs.visualstudio.com/_packaging/AzureIOTSaas/npm/registry/once/-/once-1.4.0.tgz",
      "integrity": "sha1-WDsap3WWHUsROsF9nFC6753Xa9E=",
      "requires": {
        "wrappy": "1"
      }
    },
    "ordered-read-streams": {
      "version": "1.0.1",
      "resolved": "https://msazure.pkgs.visualstudio.com/_packaging/AzureIOTSaas/npm/registry/ordered-read-streams/-/ordered-read-streams-1.0.1.tgz",
      "integrity": "sha1-d8DLN8QVJdZBZtmQ/61+xqDhNj4=",
      "requires": {
        "readable-stream": "^2.0.1"
      }
    },
    "p-limit": {
      "version": "2.2.1",
      "resolved": "https://registry.npmjs.org/p-limit/-/p-limit-2.2.1.tgz",
      "integrity": "sha512-85Tk+90UCVWvbDavCLKPOLC9vvY8OwEX/RtKF+/1OADJMVlFfEHOiMTPVyxg7mk/dKa+ipdHm0OUkTvCpMTuwg==",
      "requires": {
        "p-try": "^2.0.0"
      }
    },
    "p-locate": {
      "version": "3.0.0",
      "resolved": "https://registry.npmjs.org/p-locate/-/p-locate-3.0.0.tgz",
      "integrity": "sha512-x+12w/To+4GFfgJhBEpiDcLozRJGegY+Ei7/z0tSLkMmxGZNybVMSfWj9aJn8Z5Fc7dBUNJOOVgPv2H7IwulSQ==",
      "requires": {
        "p-limit": "^2.0.0"
      }
    },
    "p-try": {
      "version": "2.2.0",
      "resolved": "https://registry.npmjs.org/p-try/-/p-try-2.2.0.tgz",
      "integrity": "sha512-R4nPAVTAU0B9D35/Gk3uJf/7XYbQcyohSKdvAxIRSNghFl4e71hVoGnBNQz9cWaXxO2I10KTC+3jMdvvoKw6dQ=="
    },
    "path-dirname": {
      "version": "1.0.2",
      "resolved": "https://msazure.pkgs.visualstudio.com/_packaging/AzureIOTSaas/npm/registry/path-dirname/-/path-dirname-1.0.2.tgz",
      "integrity": "sha1-zDPSTVJeCZpTiMAzbG4yuRYGCeA="
    },
    "path-exists": {
      "version": "3.0.0",
      "resolved": "https://registry.npmjs.org/path-exists/-/path-exists-3.0.0.tgz",
      "integrity": "sha1-zg6+ql94yxiSXqfYENe1mwEP1RU="
    },
    "path-is-absolute": {
      "version": "1.0.1",
      "resolved": "https://msazure.pkgs.visualstudio.com/_packaging/AzureIOTSaas/npm/registry/path-is-absolute/-/path-is-absolute-1.0.1.tgz",
      "integrity": "sha1-F0uSaHNVNP+8es5r9TpanhtcX18="
    },
    "process-nextick-args": {
      "version": "2.0.1",
      "resolved": "https://msazure.pkgs.visualstudio.com/_packaging/AzureIOTSaas/npm/registry/process-nextick-args/-/process-nextick-args-2.0.1.tgz",
      "integrity": "sha1-eCDZsWEgzFXKmud5JoCufbptf+I="
    },
    "pump": {
      "version": "3.0.0",
      "resolved": "https://msazure.pkgs.visualstudio.com/_packaging/AzureIOTSaas/npm/registry/pump/-/pump-3.0.0.tgz",
      "integrity": "sha1-tKIRaBW94vTh6mAjVOjHVWUQemQ=",
      "requires": {
        "end-of-stream": "^1.1.0",
        "once": "^1.3.1"
      }
    },
    "pumpify": {
      "version": "1.5.1",
      "resolved": "https://msazure.pkgs.visualstudio.com/_packaging/AzureIOTSaas/npm/registry/pumpify/-/pumpify-1.5.1.tgz",
      "integrity": "sha1-NlE74karJ1cLGjdKXOJ4v9dDcM4=",
      "requires": {
        "duplexify": "^3.6.0",
        "inherits": "^2.0.3",
        "pump": "^2.0.0"
      },
      "dependencies": {
        "pump": {
          "version": "2.0.1",
          "resolved": "https://msazure.pkgs.visualstudio.com/_packaging/AzureIOTSaas/npm/registry/pump/-/pump-2.0.1.tgz",
          "integrity": "sha1-Ejma3W5M91Jtlzy8i1zi4pCLOQk=",
          "requires": {
            "end-of-stream": "^1.1.0",
            "once": "^1.3.1"
          }
        }
      }
    },
    "readable-stream": {
      "version": "2.3.6",
      "resolved": "https://msazure.pkgs.visualstudio.com/_packaging/AzureIOTSaas/npm/registry/readable-stream/-/readable-stream-2.3.6.tgz",
      "integrity": "sha1-sRwn2IuP8fvgcGQ8+UsMea4bCq8=",
      "requires": {
        "core-util-is": "~1.0.0",
        "inherits": "~2.0.3",
        "isarray": "~1.0.0",
        "process-nextick-args": "~2.0.0",
        "safe-buffer": "~5.1.1",
        "string_decoder": "~1.1.1",
        "util-deprecate": "~1.0.1"
      }
    },
    "reinterval": {
      "version": "1.1.0",
      "resolved": "https://msazure.pkgs.visualstudio.com/_packaging/AzureIOTSaas/npm/registry/reinterval/-/reinterval-1.1.0.tgz",
      "integrity": "sha1-M2Hs+jymwYKDOA3Qu5VG85D17Oc="
    },
    "remove-trailing-separator": {
      "version": "1.1.0",
      "resolved": "https://msazure.pkgs.visualstudio.com/_packaging/AzureIOTSaas/npm/registry/remove-trailing-separator/-/remove-trailing-separator-1.1.0.tgz",
      "integrity": "sha1-wkvOKig62tW8P1jg1IJJuSN52O8="
    },
    "require-directory": {
      "version": "2.1.1",
      "resolved": "https://registry.npmjs.org/require-directory/-/require-directory-2.1.1.tgz",
      "integrity": "sha1-jGStX9MNqxyXbiNE/+f3kqam30I="
    },
    "require-main-filename": {
      "version": "2.0.0",
      "resolved": "https://registry.npmjs.org/require-main-filename/-/require-main-filename-2.0.0.tgz",
      "integrity": "sha512-NKN5kMDylKuldxYLSUfrbo5Tuzh4hd+2E8NPPX02mZtn1VuREQToYe/ZdlJy+J3uCpfaiGF05e7B8W0iXbQHmg=="
    },
    "safe-buffer": {
      "version": "5.1.2",
      "resolved": "https://msazure.pkgs.visualstudio.com/_packaging/AzureIOTSaas/npm/registry/safe-buffer/-/safe-buffer-5.1.2.tgz",
      "integrity": "sha1-mR7GnSluAxN0fVm9/St0XDX4go0="
    },
    "set-blocking": {
      "version": "2.0.0",
      "resolved": "https://registry.npmjs.org/set-blocking/-/set-blocking-2.0.0.tgz",
      "integrity": "sha1-BF+XgtARrppoA93TgrJDkrPYkPc="
    },
    "split2": {
      "version": "2.2.0",
      "resolved": "https://msazure.pkgs.visualstudio.com/_packaging/AzureIOTSaas/npm/registry/split2/-/split2-2.2.0.tgz",
      "integrity": "sha1-GGsldbz4PoW30YRldWI47k7kJJM=",
      "requires": {
        "through2": "^2.0.2"
      }
    },
    "stream-shift": {
      "version": "1.0.0",
      "resolved": "https://msazure.pkgs.visualstudio.com/_packaging/AzureIOTSaas/npm/registry/stream-shift/-/stream-shift-1.0.0.tgz",
      "integrity": "sha1-1cdSgl5TZ+eG944Y5EXqIjoVWVI="
    },
    "string-width": {
      "version": "3.1.0",
      "resolved": "https://registry.npmjs.org/string-width/-/string-width-3.1.0.tgz",
      "integrity": "sha512-vafcv6KjVZKSgz06oM/H6GDBrAtz8vdhQakGjFIvNrHA6y3HCF1CInLy+QLq8dTJPQ1b+KDUqDFctkdRW44e1w==",
      "requires": {
        "emoji-regex": "^7.0.1",
        "is-fullwidth-code-point": "^2.0.0",
        "strip-ansi": "^5.1.0"
      }
    },
    "string_decoder": {
      "version": "1.1.1",
      "resolved": "https://msazure.pkgs.visualstudio.com/_packaging/AzureIOTSaas/npm/registry/string_decoder/-/string_decoder-1.1.1.tgz",
      "integrity": "sha1-nPFhG6YmhdcDCunkujQUnDrwP8g=",
      "requires": {
        "safe-buffer": "~5.1.0"
      }
    },
    "strip-ansi": {
      "version": "5.2.0",
      "resolved": "https://registry.npmjs.org/strip-ansi/-/strip-ansi-5.2.0.tgz",
      "integrity": "sha512-DuRs1gKbBqsMKIZlrffwlug8MHkcnpjs5VPmL1PAh+mA30U0DTotfDZ0d2UUsXpPmPmMMJ6W773MaA3J+lbiWA==",
      "requires": {
        "ansi-regex": "^4.1.0"
      }
    },
    "supports-color": {
      "version": "5.5.0",
      "resolved": "https://registry.npmjs.org/supports-color/-/supports-color-5.5.0.tgz",
      "integrity": "sha512-QjVjwdXIt408MIiAqCX4oUKsgU2EqAGzs2Ppkm4aQYbjm+ZEWEcW4SfFNTr4uMNZma0ey4f5lgLrkB0aX0QMow==",
      "requires": {
        "has-flag": "^3.0.0"
      }
    },
    "through2": {
      "version": "2.0.5",
      "resolved": "https://msazure.pkgs.visualstudio.com/_packaging/AzureIOTSaas/npm/registry/through2/-/through2-2.0.5.tgz",
      "integrity": "sha1-AcHjnrMdB8t9A6lqcIIyYLIxMs0=",
      "requires": {
        "readable-stream": "~2.3.6",
        "xtend": "~4.0.1"
      }
    },
    "through2-filter": {
      "version": "3.0.0",
      "resolved": "https://msazure.pkgs.visualstudio.com/_packaging/AzureIOTSaas/npm/registry/through2-filter/-/through2-filter-3.0.0.tgz",
      "integrity": "sha1-cA54bfI2fCyIzYqlvkz5weeDElQ=",
      "requires": {
        "through2": "~2.0.0",
        "xtend": "~4.0.0"
      }
    },
    "to-absolute-glob": {
      "version": "2.0.2",
      "resolved": "https://msazure.pkgs.visualstudio.com/_packaging/AzureIOTSaas/npm/registry/to-absolute-glob/-/to-absolute-glob-2.0.2.tgz",
      "integrity": "sha1-GGX0PZ50sIItufFFt4z/fQ98hJs=",
      "requires": {
        "is-absolute": "^1.0.0",
        "is-negated-glob": "^1.0.0"
      }
    },
    "type": {
      "version": "1.2.0",
      "resolved": "https://msazure.pkgs.visualstudio.com/_packaging/AzureIOTSaas/npm/registry/type/-/type-1.2.0.tgz",
      "integrity": "sha1-hI3XaY2vo+VKbEeedZxLw/GIR6A="
    },
    "typedarray": {
      "version": "0.0.6",
      "resolved": "https://msazure.pkgs.visualstudio.com/_packaging/AzureIOTSaas/npm/registry/typedarray/-/typedarray-0.0.6.tgz",
      "integrity": "sha1-hnrHTjhkGHsdPUfZlqeOxciDB3c="
    },
    "typescript": {
      "version": "3.7.2",
      "resolved": "https://registry.npmjs.org/typescript/-/typescript-3.7.2.tgz",
      "integrity": "sha512-ml7V7JfiN2Xwvcer+XAf2csGO1bPBdRbFCkYBczNZggrBZ9c7G3riSUeJmqEU5uOtXNPMhE3n+R4FA/3YOAWOQ==",
      "dev": true
    },
    "ultron": {
      "version": "1.1.1",
      "resolved": "https://msazure.pkgs.visualstudio.com/_packaging/AzureIOTSaas/npm/registry/ultron/-/ultron-1.1.1.tgz",
      "integrity": "sha1-n+FTahCmZKZSZqHjzPhf02MCvJw="
    },
    "unc-path-regex": {
      "version": "0.1.2",
      "resolved": "https://msazure.pkgs.visualstudio.com/_packaging/AzureIOTSaas/npm/registry/unc-path-regex/-/unc-path-regex-0.1.2.tgz",
      "integrity": "sha1-5z3T17DXxe2G+6xrCufYxqadUPo="
    },
    "unique-stream": {
      "version": "2.3.1",
      "resolved": "https://msazure.pkgs.visualstudio.com/_packaging/AzureIOTSaas/npm/registry/unique-stream/-/unique-stream-2.3.1.tgz",
      "integrity": "sha1-xl0RDppK35psWUiygFPZqNBMvqw=",
      "requires": {
        "json-stable-stringify-without-jsonify": "^1.0.1",
        "through2-filter": "^3.0.0"
      }
    },
    "util-deprecate": {
      "version": "1.0.2",
      "resolved": "https://msazure.pkgs.visualstudio.com/_packaging/AzureIOTSaas/npm/registry/util-deprecate/-/util-deprecate-1.0.2.tgz",
      "integrity": "sha1-RQ1Nyfpw3nMnYvvS1KKJgUGaDM8="
    },
    "uuid": {
      "version": "3.3.3",
      "resolved": "https://msazure.pkgs.visualstudio.com/_packaging/AzureIOTSaas/npm/registry/uuid/-/uuid-3.3.3.tgz",
      "integrity": "sha1-RWjwIW54dg7h2/Ok0s9T4iQRKGY="
    },
    "websocket-stream": {
      "version": "5.5.0",
      "resolved": "https://msazure.pkgs.visualstudio.com/_packaging/AzureIOTSaas/npm/registry/websocket-stream/-/websocket-stream-5.5.0.tgz",
      "integrity": "sha1-mCfyhG/A0rTcp6q4+SmAslSLho4=",
      "requires": {
        "duplexify": "^3.5.1",
        "inherits": "^2.0.1",
        "readable-stream": "^2.3.3",
        "safe-buffer": "^5.1.2",
        "ws": "^3.2.0",
        "xtend": "^4.0.0"
      }
    },
    "which-module": {
      "version": "2.0.0",
      "resolved": "https://registry.npmjs.org/which-module/-/which-module-2.0.0.tgz",
      "integrity": "sha1-2e8H3Od7mQK4o6j6SzHD4/fm6Ho="
    },
    "wrap-ansi": {
      "version": "5.1.0",
      "resolved": "https://registry.npmjs.org/wrap-ansi/-/wrap-ansi-5.1.0.tgz",
      "integrity": "sha512-QC1/iN/2/RPVJ5jYK8BGttj5z83LmSKmvbvrXPNCLZSEb32KKVDJDl/MOt2N01qU2H/FkzEa9PKto1BqDjtd7Q==",
      "requires": {
        "ansi-styles": "^3.2.0",
        "string-width": "^3.0.0",
        "strip-ansi": "^5.0.0"
      }
    },
    "wrappy": {
      "version": "1.0.2",
      "resolved": "https://msazure.pkgs.visualstudio.com/_packaging/AzureIOTSaas/npm/registry/wrappy/-/wrappy-1.0.2.tgz",
      "integrity": "sha1-tSQ9jz7BqjXxNkYFvA0QNuMKtp8="
    },
    "ws": {
      "version": "3.3.3",
      "resolved": "https://msazure.pkgs.visualstudio.com/_packaging/AzureIOTSaas/npm/registry/ws/-/ws-3.3.3.tgz",
      "integrity": "sha1-8c+E/i1ekB686U767OeF8YeiKPI=",
      "requires": {
        "async-limiter": "~1.0.0",
        "safe-buffer": "~5.1.0",
        "ultron": "~1.1.0"
      }
    },
    "xtend": {
      "version": "4.0.2",
      "resolved": "https://msazure.pkgs.visualstudio.com/_packaging/AzureIOTSaas/npm/registry/xtend/-/xtend-4.0.2.tgz",
      "integrity": "sha1-u3J3n1+kZRhrH0OPZ0+jR/2121Q="
    },
    "y18n": {
      "version": "4.0.0",
      "resolved": "https://registry.npmjs.org/y18n/-/y18n-4.0.0.tgz",
      "integrity": "sha512-r9S/ZyXu/Xu9q1tYlpsLIsa3EeLXXk0VwlxqTcFRfg9EhMW+17kbt9G0NrgCmhGb5vT2hyhJZLfDGx+7+5Uj/w=="
    },
    "yargs": {
      "version": "14.2.0",
      "resolved": "https://registry.npmjs.org/yargs/-/yargs-14.2.0.tgz",
      "integrity": "sha512-/is78VKbKs70bVZH7w4YaZea6xcJWOAwkhbR0CFuZBmYtfTYF0xjGJF43AYd8g2Uii1yJwmS5GR2vBmrc32sbg==",
      "requires": {
        "cliui": "^5.0.0",
        "decamelize": "^1.2.0",
        "find-up": "^3.0.0",
        "get-caller-file": "^2.0.1",
        "require-directory": "^2.1.1",
        "require-main-filename": "^2.0.0",
        "set-blocking": "^2.0.0",
        "string-width": "^3.0.0",
        "which-module": "^2.0.0",
        "y18n": "^4.0.0",
        "yargs-parser": "^15.0.0"
      }
    },
    "yargs-parser": {
      "version": "15.0.0",
      "resolved": "https://registry.npmjs.org/yargs-parser/-/yargs-parser-15.0.0.tgz",
      "integrity": "sha512-xLTUnCMc4JhxrPEPUYD5IBR1mWCK/aT6+RJ/K29JY2y1vD+FhtgKK0AXRWvI262q3QSffAQuTouFIKUuHX89wQ==",
      "requires": {
        "camelcase": "^5.0.0",
        "decamelize": "^1.2.0"
      }
    }
  }
}
